
Microsoft Visual Studio Solution File, Format Version 12.00
# Visual Studio 15
VisualStudioVersion = 15.0.28307.852
MinimumVisualStudioVersion = 10.0.40219.1
Project("{FAE04EC0-301F-11D3-BF4B-00C04F79EFBC}") = "ConsoleApp1", "ConsoleApp1\ConsoleApp1.csproj", "{6C8A1BF9-FA96-4488-9375-C98D9FBD3DCB}"
EndProject
Project("{FAE04EC0-301F-11D3-BF4B-00C04F79EFBC}") = "HtmlParseTools", "HtmlParseTools\HtmlParseTools.csproj", "{31EE73DB-8EFE-4350-A102-D0763BA0E477}"
EndProject
Global
	GlobalSection(SolutionConfigurationPlatforms) = preSolution
		Debug|Any CPU = Debug|Any CPU
		Release|Any CPU = Release|Any CPU
	EndGlobalSection
	GlobalSection(ProjectConfigurationPlatforms) = postSolution
		{6C8A1BF9-FA96-4488-9375-C98D9FBD3DCB}.Debug|Any CPU.ActiveCfg = Debug|Any CPU
		{6C8A1BF9-FA96-4488-9375-C98D9FBD3DCB}.Debug|Any CPU.Build.0 = Debug|Any CPU
		{6C8A1BF9-FA96-4488-9375-C98D9FBD3DCB}.Release|Any CPU.ActiveCfg = Release|Any CPU
		{6C8A1BF9-FA96-4488-9375-C98D9FBD3DCB}.Release|Any CPU.Build.0 = Release|Any CPU
		{31EE73DB-8EFE-4350-A102-D0763BA0E477}.Debug|Any CPU.ActiveCfg = Debug|Any CPU
		{31EE73DB-8EFE-4350-A102-D0763BA0E477}.Debug|Any CPU.Build.0 = Debug|Any CPU
		{31EE73DB-8EFE-4350-A102-D0763BA0E477}.Release|Any CPU.ActiveCfg = Release|Any CPU
		{31EE73DB-8EFE-4350-A102-D0763BA0E477}.Release|Any CPU.Build.0 = Release|Any CPU
	EndGlobalSection
	GlobalSection(SolutionProperties) = preSolution
		HideSolutionNode = FALSE
	EndGlobalSection
	GlobalSection(ExtensibilityGlobals) = postSolution
		SolutionGuid = {30371469-9162-45E1-86D1-620F027DFB0C}
	EndGlobalSection
EndGlobal
